{
  "requires": true,
  "lockfileVersion": 1,
  "dependencies": {
    "rrule": {
      "version": "2.2.9",
      "resolved": "https://registry.npmjs.org/rrule/-/rrule-2.2.9.tgz",
      "integrity": "sha512-Xha3DtpHinjeROQHGXN2bvJ1lIhyCdXptvTBqa9c4e7umMPDPecbtb3+JKBhggmD9mH7pdDU4m/kOOw4oj3tZA=="
    }
  }
}
